Microsoft Visual Studio Solution File, Format Version 11.00
# Visual Studio 2008

Project("{C0E3BE4E-6300-2C75-BA05-748A83B4636F}") = "D11", "Assembly-CSharp-firstpass-vs.csproj", "{C2565B7B-51E9-8E6D-271F-EA515D23A111}"
EndProject
Project("{C0E3BE4E-6300-2C75-BA05-748A83B4636F}") = "D11", "Assembly-CSharp-Editor-firstpass-vs.csproj", "{87FA89D8-AA97-4997-C865-45A34E765C21}"
EndProject
Global
	GlobalSection(SolutionConfigurationPlatforms) = preSolution
		Debug|Any CPU = Debug|Any CPU
		Release|Any CPU = Release|Any CPU
	EndGlobalSection
	GlobalSection(ProjectConfigurationPlatforms) = postSolution
		{C2565B7B-51E9-8E6D-271F-EA515D23A111}.Debug|Any CPU.ActiveCfg = Debug|Any CPU
		{C2565B7B-51E9-8E6D-271F-EA515D23A111}.Debug|Any CPU.Build.0 = Debug|Any CPU
		{C2565B7B-51E9-8E6D-271F-EA515D23A111}.Release|Any CPU.ActiveCfg = Release|Any CPU
		{C2565B7B-51E9-8E6D-271F-EA515D23A111}.Release|Any CPU.Build.0 = Release|Any CPU
		{87FA89D8-AA97-4997-C865-45A34E765C21}.Debug|Any CPU.ActiveCfg = Debug|Any CPU
		{87FA89D8-AA97-4997-C865-45A34E765C21}.Debug|Any CPU.Build.0 = Debug|Any CPU
		{87FA89D8-AA97-4997-C865-45A34E765C21}.Release|Any CPU.ActiveCfg = Release|Any CPU
		{87FA89D8-AA97-4997-C865-45A34E765C21}.Release|Any CPU.Build.0 = Release|Any CPU
	EndGlobalSection
	GlobalSection(SolutionProperties) = preSolution
		HideSolutionNode = FALSE
	EndGlobalSection
						GlobalSection(MonoDevelopProperties) = preSolution
		StartupItem = Assembly-CSharp.csproj
		Policies = $0
		$0.TextStylePolicy = $1
		$1.inheritsSet = null
		$1.scope = text/x-csharp
		$0.CSharpFormattingPolicy = $2
		$2.inheritsSet = Mono
		$2.inheritsScope = text/x-csharp
		$2.scope = text/x-csharp
		$0.TextStylePolicy = $3
		$3.FileWidth = 120
		$3.TabWidth = 4
		$3.EolMarker = Unix
		$3.inheritsSet = Mono
		$3.inheritsScope = text/plain
		$3.scope = text/plain
	EndGlobalSection

EndGlobal
