Microsoft Visual Studio Solution File, Format Version 11.00
# Visual Studio 2008

Project("{C5D6EFDA-F76B-2C04-05FE-95AF5518D19A}") = "project_BienDao - Copy", "Assembly-CSharp-firstpass-vs.csproj", "{5685B932-5FB1-8194-B80C-76E59AF4FC98}"
EndProject
Project("{C5D6EFDA-F76B-2C04-05FE-95AF5518D19A}") = "project_BienDao - Copy", "Assembly-CSharp-vs.csproj", "{7B321E03-4497-F481-EF5A-196098C52DE9}"
EndProject
Project("{C5D6EFDA-F76B-2C04-05FE-95AF5518D19A}") = "project_BienDao - Copy", "Assembly-CSharp-Editor-firstpass-vs.csproj", "{D5EC3DA8-A1ED-2EAD-45A0-EBEEAFD82622}"
EndProject
Project("{C5D6EFDA-F76B-2C04-05FE-95AF5518D19A}") = "project_BienDao - Copy", "Assembly-CSharp-Editor-vs.csproj", "{A252CF1E-A219-D466-E91B-38D5E8FBB561}"
EndProject
Global
	GlobalSection(SolutionConfigurationPlatforms) = preSolution
		Debug|Any CPU = Debug|Any CPU
		Release|Any CPU = Release|Any CPU
	EndGlobalSection
	GlobalSection(ProjectConfigurationPlatforms) = postSolution
		{5685B932-5FB1-8194-B80C-76E59AF4FC98}.Debug|Any CPU.ActiveCfg = Debug|Any CPU
		{5685B932-5FB1-8194-B80C-76E59AF4FC98}.Debug|Any CPU.Build.0 = Debug|Any CPU
		{5685B932-5FB1-8194-B80C-76E59AF4FC98}.Release|Any CPU.ActiveCfg = Release|Any CPU
		{5685B932-5FB1-8194-B80C-76E59AF4FC98}.Release|Any CPU.Build.0 = Release|Any CPU
		{7B321E03-4497-F481-EF5A-196098C52DE9}.Debug|Any CPU.ActiveCfg = Debug|Any CPU
		{7B321E03-4497-F481-EF5A-196098C52DE9}.Debug|Any CPU.Build.0 = Debug|Any CPU
		{7B321E03-4497-F481-EF5A-196098C52DE9}.Release|Any CPU.ActiveCfg = Release|Any CPU
		{7B321E03-4497-F481-EF5A-196098C52DE9}.Release|Any CPU.Build.0 = Release|Any CPU
		{D5EC3DA8-A1ED-2EAD-45A0-EBEEAFD82622}.Debug|Any CPU.ActiveCfg = Debug|Any CPU
		{D5EC3DA8-A1ED-2EAD-45A0-EBEEAFD82622}.Debug|Any CPU.Build.0 = Debug|Any CPU
		{D5EC3DA8-A1ED-2EAD-45A0-EBEEAFD82622}.Release|Any CPU.ActiveCfg = Release|Any CPU
		{D5EC3DA8-A1ED-2EAD-45A0-EBEEAFD82622}.Release|Any CPU.Build.0 = Release|Any CPU
		{A252CF1E-A219-D466-E91B-38D5E8FBB561}.Debug|Any CPU.ActiveCfg = Debug|Any CPU
		{A252CF1E-A219-D466-E91B-38D5E8FBB561}.Debug|Any CPU.Build.0 = Debug|Any CPU
		{A252CF1E-A219-D466-E91B-38D5E8FBB561}.Release|Any CPU.ActiveCfg = Release|Any CPU
		{A252CF1E-A219-D466-E91B-38D5E8FBB561}.Release|Any CPU.Build.0 = Release|Any CPU
	EndGlobalSection
	GlobalSection(SolutionProperties) = preSolution
		HideSolutionNode = FALSE
	EndGlobalSection
									GlobalSection(MonoDevelopProperties) = preSolution
		StartupItem = Assembly-CSharp.csproj
		Policies = $0
		$0.TextStylePolicy = $1
		$1.inheritsSet = null
		$1.scope = text/x-csharp
		$0.CSharpFormattingPolicy = $2
		$2.inheritsSet = Mono
		$2.inheritsScope = text/x-csharp
		$2.scope = text/x-csharp
		$0.TextStylePolicy = $3
		$3.FileWidth = 120
		$3.TabWidth = 4
		$3.EolMarker = Unix
		$3.inheritsSet = Mono
		$3.inheritsScope = text/plain
		$3.scope = text/plain
	EndGlobalSection

EndGlobal
