Microsoft Visual Studio Solution File, Format Version 11.00
# Visual Studio 2008

Project("{C3ED9306-128D-7296-ECF1-610378A8DAFF}") = "project_BienDao", "Assembly-CSharp-firstpass.csproj", "{D26D60E4-C265-5967-FAE2-FDA223B9F1EC}"
EndProject
Project("{C3ED9306-128D-7296-ECF1-610378A8DAFF}") = "project_BienDao", "Assembly-CSharp.csproj", "{60684868-9EC6-622D-3FCE-F084B8695D47}"
EndProject
Project("{C3ED9306-128D-7296-ECF1-610378A8DAFF}") = "project_BienDao", "Assembly-CSharp-Editor-firstpass.csproj", "{B1DE6554-D678-8543-0AB4-2AD1E2127984}"
EndProject
Project("{C3ED9306-128D-7296-ECF1-610378A8DAFF}") = "project_BienDao", "Assembly-CSharp-Editor.csproj", "{2065F4ED-28FB-3FF8-55FE-99455846CCF9}"
EndProject
Project("{C3ED9306-128D-7296-ECF1-610378A8DAFF}") = "project_BienDao", "Assembly-UnityScript-firstpass.unityproj", "{77CF0918-5190-D027-2FB6-8D75A18F8BA9}"
EndProject
Project("{C3ED9306-128D-7296-ECF1-610378A8DAFF}") = "project_BienDao", "Assembly-UnityScript.unityproj", "{F4486959-BE36-576F-497D-DB56B17A3091}"
EndProject
Global
	GlobalSection(SolutionConfigurationPlatforms) = preSolution
		Debug|Any CPU = Debug|Any CPU
		Release|Any CPU = Release|Any CPU
	EndGlobalSection
	GlobalSection(ProjectConfigurationPlatforms) = postSolution
		{D26D60E4-C265-5967-FAE2-FDA223B9F1EC}.Debug|Any CPU.ActiveCfg = Debug|Any CPU
		{D26D60E4-C265-5967-FAE2-FDA223B9F1EC}.Debug|Any CPU.Build.0 = Debug|Any CPU
		{D26D60E4-C265-5967-FAE2-FDA223B9F1EC}.Release|Any CPU.ActiveCfg = Release|Any CPU
		{D26D60E4-C265-5967-FAE2-FDA223B9F1EC}.Release|Any CPU.Build.0 = Release|Any CPU
		{60684868-9EC6-622D-3FCE-F084B8695D47}.Debug|Any CPU.ActiveCfg = Debug|Any CPU
		{60684868-9EC6-622D-3FCE-F084B8695D47}.Debug|Any CPU.Build.0 = Debug|Any CPU
		{60684868-9EC6-622D-3FCE-F084B8695D47}.Release|Any CPU.ActiveCfg = Release|Any CPU
		{60684868-9EC6-622D-3FCE-F084B8695D47}.Release|Any CPU.Build.0 = Release|Any CPU
		{B1DE6554-D678-8543-0AB4-2AD1E2127984}.Debug|Any CPU.ActiveCfg = Debug|Any CPU
		{B1DE6554-D678-8543-0AB4-2AD1E2127984}.Debug|Any CPU.Build.0 = Debug|Any CPU
		{B1DE6554-D678-8543-0AB4-2AD1E2127984}.Release|Any CPU.ActiveCfg = Release|Any CPU
		{B1DE6554-D678-8543-0AB4-2AD1E2127984}.Release|Any CPU.Build.0 = Release|Any CPU
		{2065F4ED-28FB-3FF8-55FE-99455846CCF9}.Debug|Any CPU.ActiveCfg = Debug|Any CPU
		{2065F4ED-28FB-3FF8-55FE-99455846CCF9}.Debug|Any CPU.Build.0 = Debug|Any CPU
		{2065F4ED-28FB-3FF8-55FE-99455846CCF9}.Release|Any CPU.ActiveCfg = Release|Any CPU
		{2065F4ED-28FB-3FF8-55FE-99455846CCF9}.Release|Any CPU.Build.0 = Release|Any CPU
		{77CF0918-5190-D027-2FB6-8D75A18F8BA9}.Debug|Any CPU.ActiveCfg = Debug|Any CPU
		{77CF0918-5190-D027-2FB6-8D75A18F8BA9}.Debug|Any CPU.Build.0 = Debug|Any CPU
		{77CF0918-5190-D027-2FB6-8D75A18F8BA9}.Release|Any CPU.ActiveCfg = Release|Any CPU
		{77CF0918-5190-D027-2FB6-8D75A18F8BA9}.Release|Any CPU.Build.0 = Release|Any CPU
		{F4486959-BE36-576F-497D-DB56B17A3091}.Debug|Any CPU.ActiveCfg = Debug|Any CPU
		{F4486959-BE36-576F-497D-DB56B17A3091}.Debug|Any CPU.Build.0 = Debug|Any CPU
		{F4486959-BE36-576F-497D-DB56B17A3091}.Release|Any CPU.ActiveCfg = Release|Any CPU
		{F4486959-BE36-576F-497D-DB56B17A3091}.Release|Any CPU.Build.0 = Release|Any CPU
	EndGlobalSection
	GlobalSection(SolutionProperties) = preSolution
		HideSolutionNode = FALSE
	EndGlobalSection
																																						GlobalSection(MonoDevelopProperties) = preSolution
		StartupItem = Assembly-CSharp.csproj
		Policies = $0
		$0.TextStylePolicy = $1
		$1.inheritsSet = null
		$1.scope = text/x-csharp
		$0.CSharpFormattingPolicy = $2
		$2.inheritsSet = Mono
		$2.inheritsScope = text/x-csharp
		$2.scope = text/x-csharp
		$0.TextStylePolicy = $3
		$3.FileWidth = 120
		$3.TabWidth = 4
		$3.EolMarker = Unix
		$3.inheritsSet = Mono
		$3.inheritsScope = text/plain
		$3.scope = text/plain
	EndGlobalSection

EndGlobal
